
Microsoft Visual Studio Solution File, Format Version 12.00
# Visual Studio 15
VisualStudioVersion = 15.0.28010.2050
MinimumVisualStudioVersion = 10.0.40219.1
Project("{8BC9CEB8-8B4A-11D0-8D11-00A0C91BC942}") = "thread4", "thread4\thread4.vcxproj", "{408D5C01-FC8C-476E-820A-853D71210DA5}"
EndProject
Global
	GlobalSection(SolutionConfigurationPlatforms) = preSolution
		Debug|x64 = Debug|x64
		Debug|x86 = Debug|x86
		Release|x64 = Release|x64
		Release|x86 = Release|x86
	EndGlobalSection
	GlobalSection(ProjectConfigurationPlatforms) = postSolution
		{408D5C01-FC8C-476E-820A-853D71210DA5}.Debug|x64.ActiveCfg = Debug|x64
		{408D5C01-FC8C-476E-820A-853D71210DA5}.Debug|x64.Build.0 = Debug|x64
		{408D5C01-FC8C-476E-820A-853D71210DA5}.Debug|x86.ActiveCfg = Debug|Win32
		{408D5C01-FC8C-476E-820A-853D71210DA5}.Debug|x86.Build.0 = Debug|Win32
		{408D5C01-FC8C-476E-820A-853D71210DA5}.Release|x64.ActiveCfg = Release|x64
		{408D5C01-FC8C-476E-820A-853D71210DA5}.Release|x64.Build.0 = Release|x64
		{408D5C01-FC8C-476E-820A-853D71210DA5}.Release|x86.ActiveCfg = Release|Win32
		{408D5C01-FC8C-476E-820A-853D71210DA5}.Release|x86.Build.0 = Release|Win32
	EndGlobalSection
	GlobalSection(SolutionProperties) = preSolution
		HideSolutionNode = FALSE
	EndGlobalSection
	GlobalSection(ExtensibilityGlobals) = postSolution
		SolutionGuid = {E3B792A1-84E7-4CC5-86F9-81F908F34A95}
	EndGlobalSection
EndGlobal
