
Microsoft Visual Studio Solution File, Format Version 12.00
# Visual Studio 15
VisualStudioVersion = 15.0.28010.2019
MinimumVisualStudioVersion = 10.0.40219.1
Project("{8BC9CEB8-8B4A-11D0-8D11-00A0C91BC942}") = "Exception11", "Exception11\Exception11.vcxproj", "{E4889A79-B135-4072-90D8-5F2420DF0911}"
EndProject
Global
	GlobalSection(SolutionConfigurationPlatforms) = preSolution
		Debug|x64 = Debug|x64
		Debug|x86 = Debug|x86
		Release|x64 = Release|x64
		Release|x86 = Release|x86
	EndGlobalSection
	GlobalSection(ProjectConfigurationPlatforms) = postSolution
		{E4889A79-B135-4072-90D8-5F2420DF0911}.Debug|x64.ActiveCfg = Debug|x64
		{E4889A79-B135-4072-90D8-5F2420DF0911}.Debug|x64.Build.0 = Debug|x64
		{E4889A79-B135-4072-90D8-5F2420DF0911}.Debug|x86.ActiveCfg = Debug|Win32
		{E4889A79-B135-4072-90D8-5F2420DF0911}.Debug|x86.Build.0 = Debug|Win32
		{E4889A79-B135-4072-90D8-5F2420DF0911}.Release|x64.ActiveCfg = Release|x64
		{E4889A79-B135-4072-90D8-5F2420DF0911}.Release|x64.Build.0 = Release|x64
		{E4889A79-B135-4072-90D8-5F2420DF0911}.Release|x86.ActiveCfg = Release|Win32
		{E4889A79-B135-4072-90D8-5F2420DF0911}.Release|x86.Build.0 = Release|Win32
	EndGlobalSection
	GlobalSection(SolutionProperties) = preSolution
		HideSolutionNode = FALSE
	EndGlobalSection
	GlobalSection(ExtensibilityGlobals) = postSolution
		SolutionGuid = {0556A5D3-B833-4155-B6F3-D8DC35665094}
	EndGlobalSection
EndGlobal
