
Microsoft Visual Studio Solution File, Format Version 12.00
# Visual Studio 15
VisualStudioVersion = 15.0.28306.52
MinimumVisualStudioVersion = 10.0.40219.1
Project("{8BC9CEB8-8B4A-11D0-8D11-00A0C91BC942}") = "al2-t19", "al2-t19\al2-t19.vcxproj", "{AA2E7B78-D56F-4AFE-99C8-E5903D69BEBD}"
EndProject
Global
	GlobalSection(SolutionConfigurationPlatforms) = preSolution
		Debug|x64 = Debug|x64
		Debug|x86 = Debug|x86
		Release|x64 = Release|x64
		Release|x86 = Release|x86
	EndGlobalSection
	GlobalSection(ProjectConfigurationPlatforms) = postSolution
		{AA2E7B78-D56F-4AFE-99C8-E5903D69BEBD}.Debug|x64.ActiveCfg = Debug|x64
		{AA2E7B78-D56F-4AFE-99C8-E5903D69BEBD}.Debug|x64.Build.0 = Debug|x64
		{AA2E7B78-D56F-4AFE-99C8-E5903D69BEBD}.Debug|x86.ActiveCfg = Debug|Win32
		{AA2E7B78-D56F-4AFE-99C8-E5903D69BEBD}.Debug|x86.Build.0 = Debug|Win32
		{AA2E7B78-D56F-4AFE-99C8-E5903D69BEBD}.Release|x64.ActiveCfg = Release|x64
		{AA2E7B78-D56F-4AFE-99C8-E5903D69BEBD}.Release|x64.Build.0 = Release|x64
		{AA2E7B78-D56F-4AFE-99C8-E5903D69BEBD}.Release|x86.ActiveCfg = Release|Win32
		{AA2E7B78-D56F-4AFE-99C8-E5903D69BEBD}.Release|x86.Build.0 = Release|Win32
	EndGlobalSection
	GlobalSection(SolutionProperties) = preSolution
		HideSolutionNode = FALSE
	EndGlobalSection
	GlobalSection(ExtensibilityGlobals) = postSolution
		SolutionGuid = {A5B8093F-8736-48F6-8588-F0B74DD73D71}
	EndGlobalSection
EndGlobal
