
Microsoft Visual Studio Solution File, Format Version 12.00
# Visual Studio 15
VisualStudioVersion = 15.0.28010.2050
MinimumVisualStudioVersion = 10.0.40219.1
Project("{8BC9CEB8-8B4A-11D0-8D11-00A0C91BC942}") = "auto", "auto\auto.vcxproj", "{9D936175-3C3B-41B9-856B-1B6F2F3F719F}"
EndProject
Global
	GlobalSection(SolutionConfigurationPlatforms) = preSolution
		Debug|x64 = Debug|x64
		Debug|x86 = Debug|x86
		Release|x64 = Release|x64
		Release|x86 = Release|x86
	EndGlobalSection
	GlobalSection(ProjectConfigurationPlatforms) = postSolution
		{9D936175-3C3B-41B9-856B-1B6F2F3F719F}.Debug|x64.ActiveCfg = Debug|x64
		{9D936175-3C3B-41B9-856B-1B6F2F3F719F}.Debug|x64.Build.0 = Debug|x64
		{9D936175-3C3B-41B9-856B-1B6F2F3F719F}.Debug|x86.ActiveCfg = Debug|Win32
		{9D936175-3C3B-41B9-856B-1B6F2F3F719F}.Debug|x86.Build.0 = Debug|Win32
		{9D936175-3C3B-41B9-856B-1B6F2F3F719F}.Release|x64.ActiveCfg = Release|x64
		{9D936175-3C3B-41B9-856B-1B6F2F3F719F}.Release|x64.Build.0 = Release|x64
		{9D936175-3C3B-41B9-856B-1B6F2F3F719F}.Release|x86.ActiveCfg = Release|Win32
		{9D936175-3C3B-41B9-856B-1B6F2F3F719F}.Release|x86.Build.0 = Release|Win32
	EndGlobalSection
	GlobalSection(SolutionProperties) = preSolution
		HideSolutionNode = FALSE
	EndGlobalSection
	GlobalSection(ExtensibilityGlobals) = postSolution
		SolutionGuid = {12EEA75B-95BD-416E-8BF3-03BE024C62B5}
	EndGlobalSection
EndGlobal
