
Microsoft Visual Studio Solution File, Format Version 12.00
# Visual Studio 15
VisualStudioVersion = 15.0.28010.2019
MinimumVisualStudioVersion = 10.0.40219.1
Project("{8BC9CEB8-8B4A-11D0-8D11-00A0C91BC942}") = "Exception13", "Exception13\Exception13.vcxproj", "{3E6DE66A-7A27-4864-839B-6E7760083E95}"
EndProject
Global
	GlobalSection(SolutionConfigurationPlatforms) = preSolution
		Debug|x64 = Debug|x64
		Debug|x86 = Debug|x86
		Release|x64 = Release|x64
		Release|x86 = Release|x86
	EndGlobalSection
	GlobalSection(ProjectConfigurationPlatforms) = postSolution
		{3E6DE66A-7A27-4864-839B-6E7760083E95}.Debug|x64.ActiveCfg = Debug|x64
		{3E6DE66A-7A27-4864-839B-6E7760083E95}.Debug|x64.Build.0 = Debug|x64
		{3E6DE66A-7A27-4864-839B-6E7760083E95}.Debug|x86.ActiveCfg = Debug|Win32
		{3E6DE66A-7A27-4864-839B-6E7760083E95}.Debug|x86.Build.0 = Debug|Win32
		{3E6DE66A-7A27-4864-839B-6E7760083E95}.Release|x64.ActiveCfg = Release|x64
		{3E6DE66A-7A27-4864-839B-6E7760083E95}.Release|x64.Build.0 = Release|x64
		{3E6DE66A-7A27-4864-839B-6E7760083E95}.Release|x86.ActiveCfg = Release|Win32
		{3E6DE66A-7A27-4864-839B-6E7760083E95}.Release|x86.Build.0 = Release|Win32
	EndGlobalSection
	GlobalSection(SolutionProperties) = preSolution
		HideSolutionNode = FALSE
	EndGlobalSection
	GlobalSection(ExtensibilityGlobals) = postSolution
		SolutionGuid = {F2D20159-03F2-4676-A600-6A936EE52668}
	EndGlobalSection
EndGlobal
