
Microsoft Visual Studio Solution File, Format Version 12.00
# Visual Studio 15
VisualStudioVersion = 15.0.28306.52
MinimumVisualStudioVersion = 10.0.40219.1
Project("{8BC9CEB8-8B4A-11D0-8D11-00A0C91BC942}") = "al2-t18", "al2-t18\al2-t18.vcxproj", "{39B4C0B8-8F9E-43E8-91B9-7A6F911B1935}"
EndProject
Global
	GlobalSection(SolutionConfigurationPlatforms) = preSolution
		Debug|x64 = Debug|x64
		Debug|x86 = Debug|x86
		Release|x64 = Release|x64
		Release|x86 = Release|x86
	EndGlobalSection
	GlobalSection(ProjectConfigurationPlatforms) = postSolution
		{39B4C0B8-8F9E-43E8-91B9-7A6F911B1935}.Debug|x64.ActiveCfg = Debug|x64
		{39B4C0B8-8F9E-43E8-91B9-7A6F911B1935}.Debug|x64.Build.0 = Debug|x64
		{39B4C0B8-8F9E-43E8-91B9-7A6F911B1935}.Debug|x86.ActiveCfg = Debug|Win32
		{39B4C0B8-8F9E-43E8-91B9-7A6F911B1935}.Debug|x86.Build.0 = Debug|Win32
		{39B4C0B8-8F9E-43E8-91B9-7A6F911B1935}.Release|x64.ActiveCfg = Release|x64
		{39B4C0B8-8F9E-43E8-91B9-7A6F911B1935}.Release|x64.Build.0 = Release|x64
		{39B4C0B8-8F9E-43E8-91B9-7A6F911B1935}.Release|x86.ActiveCfg = Release|Win32
		{39B4C0B8-8F9E-43E8-91B9-7A6F911B1935}.Release|x86.Build.0 = Release|Win32
	EndGlobalSection
	GlobalSection(SolutionProperties) = preSolution
		HideSolutionNode = FALSE
	EndGlobalSection
	GlobalSection(ExtensibilityGlobals) = postSolution
		SolutionGuid = {61941EFB-F094-450B-9929-2AB0C56E04DD}
	EndGlobalSection
EndGlobal
