
Microsoft Visual Studio Solution File, Format Version 12.00
# Visual Studio 15
VisualStudioVersion = 15.0.28010.2050
MinimumVisualStudioVersion = 10.0.40219.1
Project("{8BC9CEB8-8B4A-11D0-8D11-00A0C91BC942}") = "Winapithreads9", "Winapithreads9\Winapithreads9.vcxproj", "{7F1CA71B-7499-4F30-AACD-3AA7BF9DC599}"
EndProject
Global
	GlobalSection(SolutionConfigurationPlatforms) = preSolution
		Debug|x64 = Debug|x64
		Debug|x86 = Debug|x86
		Release|x64 = Release|x64
		Release|x86 = Release|x86
	EndGlobalSection
	GlobalSection(ProjectConfigurationPlatforms) = postSolution
		{7F1CA71B-7499-4F30-AACD-3AA7BF9DC599}.Debug|x64.ActiveCfg = Debug|x64
		{7F1CA71B-7499-4F30-AACD-3AA7BF9DC599}.Debug|x64.Build.0 = Debug|x64
		{7F1CA71B-7499-4F30-AACD-3AA7BF9DC599}.Debug|x86.ActiveCfg = Debug|Win32
		{7F1CA71B-7499-4F30-AACD-3AA7BF9DC599}.Debug|x86.Build.0 = Debug|Win32
		{7F1CA71B-7499-4F30-AACD-3AA7BF9DC599}.Release|x64.ActiveCfg = Release|x64
		{7F1CA71B-7499-4F30-AACD-3AA7BF9DC599}.Release|x64.Build.0 = Release|x64
		{7F1CA71B-7499-4F30-AACD-3AA7BF9DC599}.Release|x86.ActiveCfg = Release|Win32
		{7F1CA71B-7499-4F30-AACD-3AA7BF9DC599}.Release|x86.Build.0 = Release|Win32
	EndGlobalSection
	GlobalSection(SolutionProperties) = preSolution
		HideSolutionNode = FALSE
	EndGlobalSection
	GlobalSection(ExtensibilityGlobals) = postSolution
		SolutionGuid = {BFEFC552-D56C-46CE-9D94-2BC0B94B1745}
	EndGlobalSection
EndGlobal
