
Microsoft Visual Studio Solution File, Format Version 12.00
# Visual Studio 15
VisualStudioVersion = 15.0.28010.2050
MinimumVisualStudioVersion = 10.0.40219.1
Project("{8BC9CEB8-8B4A-11D0-8D11-00A0C91BC942}") = "Winapithreads5", "Winapithreads5\Winapithreads5.vcxproj", "{81E7EC4A-D61C-4E83-9F0A-AAF8F503BE91}"
EndProject
Global
	GlobalSection(SolutionConfigurationPlatforms) = preSolution
		Debug|x64 = Debug|x64
		Debug|x86 = Debug|x86
		Release|x64 = Release|x64
		Release|x86 = Release|x86
	EndGlobalSection
	GlobalSection(ProjectConfigurationPlatforms) = postSolution
		{81E7EC4A-D61C-4E83-9F0A-AAF8F503BE91}.Debug|x64.ActiveCfg = Debug|x64
		{81E7EC4A-D61C-4E83-9F0A-AAF8F503BE91}.Debug|x64.Build.0 = Debug|x64
		{81E7EC4A-D61C-4E83-9F0A-AAF8F503BE91}.Debug|x86.ActiveCfg = Debug|Win32
		{81E7EC4A-D61C-4E83-9F0A-AAF8F503BE91}.Debug|x86.Build.0 = Debug|Win32
		{81E7EC4A-D61C-4E83-9F0A-AAF8F503BE91}.Release|x64.ActiveCfg = Release|x64
		{81E7EC4A-D61C-4E83-9F0A-AAF8F503BE91}.Release|x64.Build.0 = Release|x64
		{81E7EC4A-D61C-4E83-9F0A-AAF8F503BE91}.Release|x86.ActiveCfg = Release|Win32
		{81E7EC4A-D61C-4E83-9F0A-AAF8F503BE91}.Release|x86.Build.0 = Release|Win32
	EndGlobalSection
	GlobalSection(SolutionProperties) = preSolution
		HideSolutionNode = FALSE
	EndGlobalSection
	GlobalSection(ExtensibilityGlobals) = postSolution
		SolutionGuid = {3280CE3C-FB6A-4C47-ADEC-7D264644A4B4}
	EndGlobalSection
EndGlobal
