
Microsoft Visual Studio Solution File, Format Version 12.00
# Visual Studio 15
VisualStudioVersion = 15.0.28010.2050
MinimumVisualStudioVersion = 10.0.40219.1
Project("{8BC9CEB8-8B4A-11D0-8D11-00A0C91BC942}") = "al2-t9", "al2-t9\al2-t9.vcxproj", "{49536AFC-B348-487F-BF03-9BEC61C99CE5}"
EndProject
Global
	GlobalSection(SolutionConfigurationPlatforms) = preSolution
		Debug|x64 = Debug|x64
		Debug|x86 = Debug|x86
		Release|x64 = Release|x64
		Release|x86 = Release|x86
	EndGlobalSection
	GlobalSection(ProjectConfigurationPlatforms) = postSolution
		{49536AFC-B348-487F-BF03-9BEC61C99CE5}.Debug|x64.ActiveCfg = Debug|x64
		{49536AFC-B348-487F-BF03-9BEC61C99CE5}.Debug|x64.Build.0 = Debug|x64
		{49536AFC-B348-487F-BF03-9BEC61C99CE5}.Debug|x86.ActiveCfg = Debug|Win32
		{49536AFC-B348-487F-BF03-9BEC61C99CE5}.Debug|x86.Build.0 = Debug|Win32
		{49536AFC-B348-487F-BF03-9BEC61C99CE5}.Release|x64.ActiveCfg = Release|x64
		{49536AFC-B348-487F-BF03-9BEC61C99CE5}.Release|x64.Build.0 = Release|x64
		{49536AFC-B348-487F-BF03-9BEC61C99CE5}.Release|x86.ActiveCfg = Release|Win32
		{49536AFC-B348-487F-BF03-9BEC61C99CE5}.Release|x86.Build.0 = Release|Win32
	EndGlobalSection
	GlobalSection(SolutionProperties) = preSolution
		HideSolutionNode = FALSE
	EndGlobalSection
	GlobalSection(ExtensibilityGlobals) = postSolution
		SolutionGuid = {98B633E5-F414-4843-9FAE-07B033941F4A}
	EndGlobalSection
EndGlobal
