
Microsoft Visual Studio Solution File, Format Version 12.00
# Visual Studio 15
VisualStudioVersion = 15.0.28010.2050
MinimumVisualStudioVersion = 10.0.40219.1
Project("{8BC9CEB8-8B4A-11D0-8D11-00A0C91BC942}") = "al2-t5", "al2-t5\al2-t5.vcxproj", "{F2FED029-8E5D-4D79-A01A-83348C258F58}"
EndProject
Global
	GlobalSection(SolutionConfigurationPlatforms) = preSolution
		Debug|x64 = Debug|x64
		Debug|x86 = Debug|x86
		Release|x64 = Release|x64
		Release|x86 = Release|x86
	EndGlobalSection
	GlobalSection(ProjectConfigurationPlatforms) = postSolution
		{F2FED029-8E5D-4D79-A01A-83348C258F58}.Debug|x64.ActiveCfg = Debug|x64
		{F2FED029-8E5D-4D79-A01A-83348C258F58}.Debug|x64.Build.0 = Debug|x64
		{F2FED029-8E5D-4D79-A01A-83348C258F58}.Debug|x86.ActiveCfg = Debug|Win32
		{F2FED029-8E5D-4D79-A01A-83348C258F58}.Debug|x86.Build.0 = Debug|Win32
		{F2FED029-8E5D-4D79-A01A-83348C258F58}.Release|x64.ActiveCfg = Release|x64
		{F2FED029-8E5D-4D79-A01A-83348C258F58}.Release|x64.Build.0 = Release|x64
		{F2FED029-8E5D-4D79-A01A-83348C258F58}.Release|x86.ActiveCfg = Release|Win32
		{F2FED029-8E5D-4D79-A01A-83348C258F58}.Release|x86.Build.0 = Release|Win32
	EndGlobalSection
	GlobalSection(SolutionProperties) = preSolution
		HideSolutionNode = FALSE
	EndGlobalSection
	GlobalSection(ExtensibilityGlobals) = postSolution
		SolutionGuid = {9F9D92C8-427F-40F0-88D9-09F59212203E}
	EndGlobalSection
EndGlobal
