
Microsoft Visual Studio Solution File, Format Version 12.00
# Visual Studio 15
VisualStudioVersion = 15.0.28010.2050
MinimumVisualStudioVersion = 10.0.40219.1
Project("{8BC9CEB8-8B4A-11D0-8D11-00A0C91BC942}") = "al2-t2", "al2-t2\al2-t2.vcxproj", "{5540E858-D518-43C7-B8D0-D4D39D6D1CA0}"
EndProject
Global
	GlobalSection(SolutionConfigurationPlatforms) = preSolution
		Debug|x64 = Debug|x64
		Debug|x86 = Debug|x86
		Release|x64 = Release|x64
		Release|x86 = Release|x86
	EndGlobalSection
	GlobalSection(ProjectConfigurationPlatforms) = postSolution
		{5540E858-D518-43C7-B8D0-D4D39D6D1CA0}.Debug|x64.ActiveCfg = Debug|x64
		{5540E858-D518-43C7-B8D0-D4D39D6D1CA0}.Debug|x64.Build.0 = Debug|x64
		{5540E858-D518-43C7-B8D0-D4D39D6D1CA0}.Debug|x86.ActiveCfg = Debug|Win32
		{5540E858-D518-43C7-B8D0-D4D39D6D1CA0}.Debug|x86.Build.0 = Debug|Win32
		{5540E858-D518-43C7-B8D0-D4D39D6D1CA0}.Release|x64.ActiveCfg = Release|x64
		{5540E858-D518-43C7-B8D0-D4D39D6D1CA0}.Release|x64.Build.0 = Release|x64
		{5540E858-D518-43C7-B8D0-D4D39D6D1CA0}.Release|x86.ActiveCfg = Release|Win32
		{5540E858-D518-43C7-B8D0-D4D39D6D1CA0}.Release|x86.Build.0 = Release|Win32
	EndGlobalSection
	GlobalSection(SolutionProperties) = preSolution
		HideSolutionNode = FALSE
	EndGlobalSection
	GlobalSection(ExtensibilityGlobals) = postSolution
		SolutionGuid = {905991A2-C3EB-4B88-A0C8-5CF55743390F}
	EndGlobalSection
EndGlobal
