
Microsoft Visual Studio Solution File, Format Version 12.00
# Visual Studio 15
VisualStudioVersion = 15.0.28010.2050
MinimumVisualStudioVersion = 10.0.40219.1
Project("{8BC9CEB8-8B4A-11D0-8D11-00A0C91BC942}") = "classtemplate", "classtemplate\classtemplate.vcxproj", "{FA1DFA9B-7E33-4A43-A1CA-915BC1925A45}"
EndProject
Global
	GlobalSection(SolutionConfigurationPlatforms) = preSolution
		Debug|x64 = Debug|x64
		Debug|x86 = Debug|x86
		Release|x64 = Release|x64
		Release|x86 = Release|x86
	EndGlobalSection
	GlobalSection(ProjectConfigurationPlatforms) = postSolution
		{FA1DFA9B-7E33-4A43-A1CA-915BC1925A45}.Debug|x64.ActiveCfg = Debug|x64
		{FA1DFA9B-7E33-4A43-A1CA-915BC1925A45}.Debug|x64.Build.0 = Debug|x64
		{FA1DFA9B-7E33-4A43-A1CA-915BC1925A45}.Debug|x86.ActiveCfg = Debug|Win32
		{FA1DFA9B-7E33-4A43-A1CA-915BC1925A45}.Debug|x86.Build.0 = Debug|Win32
		{FA1DFA9B-7E33-4A43-A1CA-915BC1925A45}.Release|x64.ActiveCfg = Release|x64
		{FA1DFA9B-7E33-4A43-A1CA-915BC1925A45}.Release|x64.Build.0 = Release|x64
		{FA1DFA9B-7E33-4A43-A1CA-915BC1925A45}.Release|x86.ActiveCfg = Release|Win32
		{FA1DFA9B-7E33-4A43-A1CA-915BC1925A45}.Release|x86.Build.0 = Release|Win32
	EndGlobalSection
	GlobalSection(SolutionProperties) = preSolution
		HideSolutionNode = FALSE
	EndGlobalSection
	GlobalSection(ExtensibilityGlobals) = postSolution
		SolutionGuid = {4E7B8262-1333-4CAF-AE28-C7EF79B28421}
	EndGlobalSection
EndGlobal
